// !$*UTF8*$!
{
	archiveVersion = 1;
	classes = {
	};
	objectVersion = 46;
	objects = {

/* Begin PBXBuildFile section */
		C1BAEDA71DFC69DC0065692A /* AppDelegate.swift in Sources */ = {isa = PBXBuildFile; fileRef = C1BAEDA61DFC69DC0065692A /* AppDelegate.swift */; };
		C1BAEDA91DFC69DC0065692A /* ViewController.swift in Sources */ = {isa = PBXBuildFile; fileRef = C1BAEDA81DFC69DC0065692A /* ViewController.swift */; };
		C1BAEDAC1DFC69DC0065692A /* Main.storyboard in Resources */ = {isa = PBXBuildFile; fileRef = C1BAEDAA1DFC69DC0065692A /* Main.storyboard */; };
		C1BAEDAE1DFC69DC0065692A /* Assets.xcassets in Resources */ = {isa = PBXBuildFile; fileRef = C1BAEDAD1DFC69DC0065692A /* Assets.xcassets */; };
		C1BAEDB11DFC69DC0065692A /* LaunchScreen.storyboard in Resources */ = {isa = PBXBuildFile; fileRef = C1BAEDAF1DFC69DC0065692A /* LaunchScreen.storyboard */; };
		C1BAEDB91DFC6A2F0065692A /* WorkSans-ExtraLight.ttf in Resources */ = {isa = PBXBuildFile; fileRef = C1BAEDB81DFC6A2F0065692A /* WorkSans-ExtraLight.ttf */; };
/* End PBXBuildFile section */

/* Begin PBXFileReference section */
		C1BAEDA31DFC69DC0065692A /* Calculadora.app */ = {isa = PBXFileReference; explicitFileType = wrapper.application; includeInIndex = 0; path = Calculadora.app; sourceTree = BUILT_PRODUCTS_DIR; };
		C1BAEDA61DFC69DC0065692A /* AppDelegate.swift */ = {isa = PBXFileReference; lastKnownFileType = sourcecode.swift; path = AppDelegate.swift; sourceTree = "<group>"; };
		C1BAEDA81DFC69DC0065692A /* ViewController.swift */ = {isa = PBXFileReference; lastKnownFileType = sourcecode.swift; path = ViewController.swift; sourceTree = "<group>"; };
		C1BAEDAB1DFC69DC0065692A /* Base */ = {isa = PBXFileReference; lastKnownFileType = file.storyboard; name = Base; path = Base.lproj/Main.storyboard; sourceTree = "<group>"; };
		C1BAEDAD1DFC69DC0065692A /* Assets.xcassets */ = {isa = PBXFileReference; lastKnownFileType = folder.assetcatalog; path = Assets.xcassets; sourceTree = "<group>"; };
		C1BAEDB01DFC69DC0065692A /* Base */ = {isa = PBXFileReference; lastKnownFileType = file.storyboard; name = Base; path = Base.lproj/LaunchScreen.storyboard; sourceTree = "<group>"; };
		C1BAEDB21DFC69DC0065692A /* Info.plist */ = {isa = PBXFileReference; lastKnownFileType = text.plist.xml; path = Info.plist; sourceTree = "<group>"; };
		C1BAEDB81DFC6A2F0065692A /* WorkSans-ExtraLight.ttf */ = {isa = PBXFileReference; lastKnownFileType = file; path = "WorkSans-ExtraLight.ttf"; sourceTree = "<group>"; };
/* End PBXFileReference section */

/* Begin PBXFrameworksBuildPhase section */
		C1BAEDA01DFC69DC0065692A /* Frameworks */ = {
			isa = PBXFrameworksBuildPhase;
			buildActionMask = 2147483647;
			files = (
			);
			runOnlyForDeploymentPostprocessing = 0;
		};
/* End PBXFrameworksBuildPhase section */

/* Begin PBXGroup section */
		C1BAED9A1DFC69DC0065692A = {
			isa = PBXGroup;
			children = (
				C1BAEDA51DFC69DC0065692A /* Calculadora */,
				C1BAEDA41DFC69DC0065692A /* Products */,
			);
			sourceTree = "<group>";
		};
		C1BAEDA41DFC69DC0065692A /* Products */ = {
			isa = PBXGroup;
			children = (
				C1BAEDA31DFC69DC0065692A /* Calculadora.app */,
			);
			name = Products;
			sourceTree = "<group>";
		};
		C1BAEDA51DFC69DC0065692A /* Calculadora */ = {
			isa = PBXGroup;
			children = (
				C1BAEDA61DFC69DC0065692A /* AppDelegate.swift */,
				C1BAEDB81DFC6A2F0065692A /* WorkSans-ExtraLight.ttf */,
				C1BAEDA81DFC69DC0065692A /* ViewController.swift */,
				C1BAEDAA1DFC69DC0065692A /* Main.storyboard */,
				C1BAEDAD1DFC69DC0065692A /* Assets.xcassets */,
				C1BAEDAF1DFC69DC0065692A /* LaunchScreen.storyboard */,
				C1BAEDB21DFC69DC0065692A /* Info.plist */,
			);
			path = Calculadora;
			sourceTree = "<group>";
		};
/* End PBXGroup section */

/* Begin PBXNativeTarget section */
		C1BAEDA21DFC69DC0065692A /* Calculadora */ = {
			isa = PBXNativeTarget;
			buildConfigurationList = C1BAEDB51DFC69DC0065692A /* Build configuration list for PBXNativeTarget "Calculadora" */;
			buildPhases = (
				C1BAED9F1DFC69DC0065692A /* Sources */,
				C1BAEDA01DFC69DC0065692A /* Frameworks */,
				C1BAEDA11DFC69DC0065692A /* Resources */,
			);
			buildRules = (
			);
			dependencies = (
			);
			name = Calculadora;
			productName = Calculadora;
			productReference = C1BAEDA31DFC69DC0065692A /* Calculadora.app */;
			productType = "com.apple.product-type.application";
		};
/* End PBXNativeTarget section */

/* Begin PBXProject section */
		C1BAED9B1DFC69DC0065692A /* Project object */ = {
			isa = PBXProject;
			attributes = {
				LastSwiftUpdateCheck = 0810;
				LastUpgradeCheck = 0810;
				ORGANIZATIONNAME = "Benjamín Garrido Barreiro";
				TargetAttributes = {
					C1BAEDA21DFC69DC0065692A = {
						CreatedOnToolsVersion = 8.1;
						DevelopmentTeam = 9T98R8E6Y6;
						ProvisioningStyle = Automatic;
					};
				};
			};
			buildConfigurationList = C1BAED9E1DFC69DC0065692A /* Build configuration list for PBXProject "Calculadora" */;
			compatibilityVersion = "Xcode 3.2";
			developmentRegion = English;
			hasScannedForEncodings = 0;
			knownRegions = (
				en,
				Base,
			);
			mainGroup = C1BAED9A1DFC69DC0065692A;
			productRefGroup = C1BAEDA41DFC69DC0065692A /* Products */;
			projectDirPath = "";
			projectRoot = "";
			targets = (
				C1BAEDA21DFC69DC0065692A /* Calculadora */,
			);
		};
/* End PBXProject section */

/* Begin PBXResourcesBuildPhase section */
		C1BAEDA11DFC69DC0065692A /* Resources */ = {
			isa = PBXResourcesBuildPhase;
			buildActionMask = 2147483647;
			files = (
				C1BAEDB91DFC6A2F0065692A /* WorkSans-ExtraLight.ttf in Resources */,
				C1BAEDB11DFC69DC0065692A /* LaunchScreen.storyboard in Resources */,
				C1BAEDAE1DFC69DC0065692A /* Assets.xcassets in Resources */,
				C1BAEDAC1DFC69DC0065692A /* Main.storyboard in Resources */,
			);
			runOnlyForDeploymentPostprocessing = 0;
		};
/* End PBXResourcesBuildPhase section */

/* Begin PBXSourcesBuildPhase section */
		C1BAED9F1DFC69DC0065692A /* Sources */ = {
			isa = PBXSourcesBuildPhase;
			buildActionMask = 2147483647;
			files = (
				C1BAEDA91DFC69DC0065692A /* ViewController.swift in Sources */,
				C1BAEDA71DFC69DC0065692A /* AppDelegate.swift in Sources */,
			);
			runOnlyForDeploymentPostprocessing = 0;
		};
/* End PBXSourcesBuildPhase section */

/* Begin PBXVariantGroup section */
		C1BAEDAA1DFC69DC0065692A /* Main.storyboard */ = {
			isa = PBXVariantGroup;
			children = (
				C1BAEDAB1DFC69DC0065692A /* Base */,
			);
			name = Main.storyboard;
			sourceTree = "<group>";
		};
		C1BAEDAF1DFC69DC0065692A /* LaunchScreen.storyboard */ = {
			isa = PBXVariantGroup;
			children = (
				C1BAEDB01DFC69DC0065692A /* Base */,
			);
			name = LaunchScreen.storyboard;
			sourceTree = "<group>";
		};
/* End PBXVariantGroup section */

/* Begin XCBuildConfiguration section */
		C1BAEDB31DFC69DC0065692A /* Debug */ = {
			isa = XCBuildConfiguration;
			buildSettings = {
				ALWAYS_SEARCH_USER_PATHS = NO;
				CLANG_ANALYZER_NONNULL = YES;
				CLANG_CXX_LANGUAGE_STANDARD = "gnu++0x";
				CLANG_CXX_LIBRARY = "libc++";
				CLANG_ENABLE_MODULES = YES;
				CLANG_ENABLE_OBJC_ARC = YES;
				CLANG_WARN_BOOL_CONVERSION = YES;
				CLANG_WARN_CONSTANT_CONVERSION = YES;
				CLANG_WARN_DIRECT_OBJC_ISA_USAGE = YES_ERROR;
				CLANG_WARN_DOCUMENTATION_COMMENTS = YES;
				CLANG_WARN_EMPTY_BODY = YES;
				CLANG_WARN_ENUM_CONVERSION = YES;
				CLANG_WARN_INFINITE_RECURSION = YES;
				CLANG_WARN_INT_CONVERSION = YES;
				CLANG_WARN_OBJC_ROOT_CLASS = YES_ERROR;
				CLANG_WARN_SUSPICIOUS_MOVES = YES;
				CLANG_WARN_UNREACHABLE_CODE = YES;
				CLANG_WARN__DUPLICATE_METHOD_MATCH = YES;
				"CODE_SIGN_IDENTITY[sdk=iphoneos*]" = "iPhone Developer";
				COPY_PHASE_STRIP = NO;
				DEBUG_INFORMATION_FORMAT = dwarf;
				ENABLE_STRICT_OBJC_MSGSEND = YES;
				ENABLE_TESTABILITY = YES;
				GCC_C_LANGUAGE_STANDARD = gnu99;
				GCC_DYNAMIC_NO_PIC = NO;
				GCC_NO_COMMON_BLOCKS = YES;
				GCC_OPTIMIZATION_LEVEL = 0;
				GCC_PREPROCESSOR_DEFINITIONS = (
					"DEBUG=1",
					"$(inherited)",
				);
				GCC_WARN_64_TO_32_BIT_CONVERSION = YES;
				GCC_WARN_ABOUT_RETURN_TYPE = YES_ERROR;
				GCC_WARN_UNDECLARED_SELECTOR = YES;
				GCC_WARN_UNINITIALIZED_AUTOS = YES_AGGRESSIVE;
				GCC_WARN_UNUSED_FUNCTION = YES;
				GCC_WARN_UNUSED_VARIABLE = YES;
				IPHONEOS_DEPLOYMENT_TARGET = 10.1;
				MTL_ENABLE_DEBUG_INFO = YES;
				ONLY_ACTIVE_ARCH = YES;
				SDKROOT = iphoneos;
				SWIFT_ACTIVE_COMPILATION_CONDITIONS = DEBUG;
				SWIFT_OPTIMIZATION_LEVEL = "-Onone";
			};
			name = Debug;
		};
		C1BAEDB41DFC69DC0065692A /* Release */ = {
			isa = XCBuildConfiguration;
			buildSettings = {
				ALWAYS_SEARCH_USER_PATHS = NO;
				CLANG_ANALYZER_NONNULL = YES;
				CLANG_CXX_LANGUAGE_STANDARD = "gnu++0x";
				CLANG_CXX_LIBRARY = "libc++";
				CLANG_ENABLE_MODULES = YES;
				CLANG_ENABLE_OBJC_ARC = YES;
				CLANG_WARN_BOOL_CONVERSION = YES;
				CLANG_WARN_CONSTANT_CONVERSION = YES;
				CLANG_WARN_DIRECT_OBJC_ISA_USAGE = YES_ERROR;
				CLANG_WARN_DOCUMENTATION_COMMENTS = YES;
				CLANG_WARN_EMPTY_BODY = YES;
				CLANG_WARN_ENUM_CONVERSION = YES;
				CLANG_WARN_INFINITE_RECURSION = YES;
				CLANG_WARN_INT_CONVERSION = YES;
				CLANG_WARN_OBJC_ROOT_CLASS = YES_ERROR;
				CLANG_WARN_SUSPICIOUS_MOVES = YES;
				CLANG_WARN_UNREACHABLE_CODE = YES;
				CLANG_WARN__DUPLICATE_METHOD_MATCH = YES;
				"CODE_SIGN_IDENTITY[sdk=iphoneos*]" = "iPhone Developer";
				COPY_PHASE_STRIP = NO;
				DEBUG_INFORMATION_FORMAT = "dwarf-with-dsym";
				ENABLE_NS_ASSERTIONS = NO;
				ENABLE_STRICT_OBJC_MSGSEND = YES;
				GCC_C_LANGUAGE_STANDARD = gnu99;
				GCC_NO_COMMON_BLOCKS = YES;
				GCC_WARN_64_TO_32_BIT_CONVERSION = YES;
				GCC_WARN_ABOUT_RETURN_TYPE = YES_ERROR;
				GCC_WARN_UNDECLARED_SELECTOR = YES;
				GCC_WARN_UNINITIALIZED_AUTOS = YES_AGGRESSIVE;
				GCC_WARN_UNUSED_FUNCTION = YES;
				GCC_WARN_UNUSED_VARIABLE = YES;
				IPHONEOS_DEPLOYMENT_TARGET = 10.1;
				MTL_ENABLE_DEBUG_INFO = NO;
				SDKROOT = iphoneos;
				SWIFT_OPTIMIZATION_LEVEL = "-Owholemodule";
				VALIDATE_PRODUCT = YES;
			};
			name = Release;
		};
		C1BAEDB61DFC69DC0065692A /* Debug */ = {
			isa = XCBuildConfiguration;
			buildSettings = {
				ASSETCATALOG_COMPILER_APPICON_NAME = AppIcon;
				DEVELOPMENT_TEAM = 9T98R8E6Y6;
				INFOPLIST_FILE = Calculadora/Info.plist;
				LD_RUNPATH_SEARCH_PATHS = "$(inherited) @executable_path/Frameworks";
				PRODUCT_BUNDLE_IDENTIFIER = com.benjagarrido.Calculadora;
				PRODUCT_NAME = "$(TARGET_NAME)";
				SWIFT_VERSION = 3.0;
			};
			name = Debug;
		};
		C1BAEDB71DFC69DC0065692A /* Release */ = {
			isa = XCBuildConfiguration;
			buildSettings = {
				ASSETCATALOG_COMPILER_APPICON_NAME = AppIcon;
				DEVELOPMENT_TEAM = 9T98R8E6Y6;
				INFOPLIST_FILE = Calculadora/Info.plist;
				LD_RUNPATH_SEARCH_PATHS = "$(inherited) @executable_path/Frameworks";
				PRODUCT_BUNDLE_IDENTIFIER = com.benjagarrido.Calculadora;
				PRODUCT_NAME = "$(TARGET_NAME)";
				SWIFT_VERSION = 3.0;
			};
			name = Release;
		};
/* End XCBuildConfiguration section */

/* Begin XCConfigurationList section */
		C1BAED9E1DFC69DC0065692A /* Build configuration list for PBXProject "Calculadora" */ = {
			isa = XCConfigurationList;
			buildConfigurations = (
				C1BAEDB31DFC69DC0065692A /* Debug */,
				C1BAEDB41DFC69DC0065692A /* Release */,
			);
			defaultConfigurationIsVisible = 0;
			defaultConfigurationName = Release;
		};
		C1BAEDB51DFC69DC0065692A /* Build configuration list for PBXNativeTarget "Calculadora" */ = {
			isa = XCConfigurationList;
			buildConfigurations = (
				C1BAEDB61DFC69DC0065692A /* Debug */,
				C1BAEDB71DFC69DC0065692A /* Release */,
			);
			defaultConfigurationIsVisible = 0;
		};
/* End XCConfigurationList section */
	};
	rootObject = C1BAED9B1DFC69DC0065692A /* Project object */;
}
